
Microsoft Visual Studio Solution File, Format Version 12.00
# Visual Studio 14
VisualStudioVersion = 14.0.25123.0
MinimumVisualStudioVersion = 10.0.40219.1
Project("{FAE04EC0-301F-11D3-BF4B-00C04F79EFBC}") = "Unity.Patterns", "Unity.Patterns\Unity.Patterns.csproj", "{5D8EA4A9-54C7-4CDB-A712-5F683442B8BA}"
EndProject
Project("{FAE04EC0-301F-11D3-BF4B-00C04F79EFBC}") = "UnitTests", "UnitTests\UnitTests.csproj", "{C0915B7F-2BFF-451E-BE06-2B6E0E81FF9B}"
EndProject
Global
	GlobalSection(SolutionConfigurationPlatforms) = preSolution
		Debug|Any CPU = Debug|Any CPU
		Release|Any CPU = Release|Any CPU
	EndGlobalSection
	GlobalSection(ProjectConfigurationPlatforms) = postSolution
		{5D8EA4A9-54C7-4CDB-A712-5F683442B8BA}.Debug|Any CPU.ActiveCfg = Debug|Any CPU
		{5D8EA4A9-54C7-4CDB-A712-5F683442B8BA}.Debug|Any CPU.Build.0 = Debug|Any CPU
		{5D8EA4A9-54C7-4CDB-A712-5F683442B8BA}.Release|Any CPU.ActiveCfg = Release|Any CPU
		{5D8EA4A9-54C7-4CDB-A712-5F683442B8BA}.Release|Any CPU.Build.0 = Release|Any CPU
		{C0915B7F-2BFF-451E-BE06-2B6E0E81FF9B}.Debug|Any CPU.ActiveCfg = Debug|Any CPU
		{C0915B7F-2BFF-451E-BE06-2B6E0E81FF9B}.Debug|Any CPU.Build.0 = Debug|Any CPU
		{C0915B7F-2BFF-451E-BE06-2B6E0E81FF9B}.Release|Any CPU.ActiveCfg = Release|Any CPU
		{C0915B7F-2BFF-451E-BE06-2B6E0E81FF9B}.Release|Any CPU.Build.0 = Release|Any CPU
	EndGlobalSection
	GlobalSection(SolutionProperties) = preSolution
		HideSolutionNode = FALSE
	EndGlobalSection
EndGlobal
